
Microsoft Visual Studio Solution File, Format Version 12.00
# Visual Studio Version 17
VisualStudioVersion = 17.4.33205.214
MinimumVisualStudioVersion = 10.0.40219.1
Project("{9A19103F-16F7-4668-BE54-9A1E7A4F7556}") = "Collage", "Collage\Collage.csproj", "{FB3569AB-3B44-4EEC-8316-4E4C2119D1DC}"
EndProject
Project("{2150E333-8FDC-42A3-9474-1A3956D46DE8}") = "DevExtreme NuGet.config", "DevExtreme NuGet.config", "{7611F453-2E6B-40AA-9F7B-9C09EA53EFB5}"
	ProjectSection(SolutionItems) = preProject
		NuGet.config = NuGet.config
	EndProjectSection
EndProject
Global
	GlobalSection(SolutionConfigurationPlatforms) = preSolution
		Debug|Any CPU = Debug|Any CPU
		Release|Any CPU = Release|Any CPU
	EndGlobalSection
	GlobalSection(ProjectConfigurationPlatforms) = postSolution
		{FB3569AB-3B44-4EEC-8316-4E4C2119D1DC}.Debug|Any CPU.ActiveCfg = Debug|Any CPU
		{FB3569AB-3B44-4EEC-8316-4E4C2119D1DC}.Debug|Any CPU.Build.0 = Debug|Any CPU
		{FB3569AB-3B44-4EEC-8316-4E4C2119D1DC}.Release|Any CPU.ActiveCfg = Release|Any CPU
		{FB3569AB-3B44-4EEC-8316-4E4C2119D1DC}.Release|Any CPU.Build.0 = Release|Any CPU
	EndGlobalSection
	GlobalSection(SolutionProperties) = preSolution
		HideSolutionNode = FALSE
	EndGlobalSection
	GlobalSection(ExtensibilityGlobals) = postSolution
		SolutionGuid = {EFAC79A2-D477-4B50-9E3B-48F3694FD613}
	EndGlobalSection
EndGlobal
